
Microsoft Visual Studio Solution File, Format Version 12.00
# Visual Studio Version 17
VisualStudioVersion = 17.14.37111.16
MinimumVisualStudioVersion = 10.0.40219.1
Project("{FAE04EC0-301F-11D3-BF4B-00C04F79EFBC}") = "STG", "STG\STG.csproj", "{4A8304EF-B9BF-4631-8B35-9B0474A9A099}"
EndProject
Project("{FAE04EC0-301F-11D3-BF4B-00C04F79EFBC}") = "Engine", "Engine\Engine.csproj", "{8142AEA7-DC63-4331-BF52-5F9701798531}"
EndProject
Project("{FAE04EC0-301F-11D3-BF4B-00C04F79EFBC}") = "ChevyRay.Coroutines", "ThirdPartyLibrary\ChevyRay.Coroutines\ChevyRay.Coroutines.csproj", "{A6A79893-5B90-4D38-BB0C-0D18C90CB07B}"
EndProject
Project("{FAE04EC0-301F-11D3-BF4B-00C04F79EFBC}") = "Xenon.Core", "ThirdPartyLibrary\Xenon.Core\Xenon.Core.csproj", "{AC0104B0-1BA8-4695-8EB7-2B8A42CBF452}"
EndProject
Project("{FAE04EC0-301F-11D3-BF4B-00C04F79EFBC}") = "Editor", "Editor\Editor.csproj", "{065FC385-2712-497E-991A-A1483E722A43}"
EndProject
<<<<<<< HEAD
Project("{FAE04EC0-301F-11D3-BF4B-00C04F79EFBC}") = "Debugging", "Debugger\Debugging.csproj", "{9803F112-52CE-4B5C-8BCC-86B995964C02}"
EndProject
=======
>>>>>>> develop
Project("{2150E333-8FDC-42A3-9474-1A3956D46DE8}") = "ThirdParty", "ThirdParty", "{DDB4EF12-CC4E-5E88-E6FC-71A802F4DE97}"
EndProject
Project("{FAE04EC0-301F-11D3-BF4B-00C04F79EFBC}") = "Debugging", "Debugging\Debugging.csproj", "{FC69CC47-FBE5-9155-AC3E-E6B4650AC933}"
EndProject
Global
	GlobalSection(SolutionConfigurationPlatforms) = preSolution
		Debug|Any CPU = Debug|Any CPU
		Release|Any CPU = Release|Any CPU
	EndGlobalSection
	GlobalSection(ProjectConfigurationPlatforms) = postSolution
		{4A8304EF-B9BF-4631-8B35-9B0474A9A099}.Debug|Any CPU.ActiveCfg = Debug|Any CPU
		{4A8304EF-B9BF-4631-8B35-9B0474A9A099}.Debug|Any CPU.Build.0 = Debug|Any CPU
		{4A8304EF-B9BF-4631-8B35-9B0474A9A099}.Release|Any CPU.ActiveCfg = Release|Any CPU
		{4A8304EF-B9BF-4631-8B35-9B0474A9A099}.Release|Any CPU.Build.0 = Release|Any CPU
		{8142AEA7-DC63-4331-BF52-5F9701798531}.Debug|Any CPU.ActiveCfg = Debug|Any CPU
		{8142AEA7-DC63-4331-BF52-5F9701798531}.Debug|Any CPU.Build.0 = Debug|Any CPU
		{8142AEA7-DC63-4331-BF52-5F9701798531}.Release|Any CPU.ActiveCfg = Release|Any CPU
		{8142AEA7-DC63-4331-BF52-5F9701798531}.Release|Any CPU.Build.0 = Release|Any CPU
		{A6A79893-5B90-4D38-BB0C-0D18C90CB07B}.Debug|Any CPU.ActiveCfg = Debug|Any CPU
		{A6A79893-5B90-4D38-BB0C-0D18C90CB07B}.Debug|Any CPU.Build.0 = Debug|Any CPU
		{A6A79893-5B90-4D38-BB0C-0D18C90CB07B}.Release|Any CPU.ActiveCfg = Release|Any CPU
		{A6A79893-5B90-4D38-BB0C-0D18C90CB07B}.Release|Any CPU.Build.0 = Release|Any CPU
		{AC0104B0-1BA8-4695-8EB7-2B8A42CBF452}.Debug|Any CPU.ActiveCfg = Debug|Any CPU
		{AC0104B0-1BA8-4695-8EB7-2B8A42CBF452}.Debug|Any CPU.Build.0 = Debug|Any CPU
		{AC0104B0-1BA8-4695-8EB7-2B8A42CBF452}.Release|Any CPU.ActiveCfg = Release|Any CPU
		{AC0104B0-1BA8-4695-8EB7-2B8A42CBF452}.Release|Any CPU.Build.0 = Release|Any CPU
		{065FC385-2712-497E-991A-A1483E722A43}.Debug|Any CPU.ActiveCfg = Debug|Any CPU
		{065FC385-2712-497E-991A-A1483E722A43}.Debug|Any CPU.Build.0 = Debug|Any CPU
		{065FC385-2712-497E-991A-A1483E722A43}.Release|Any CPU.ActiveCfg = Release|Any CPU
		{065FC385-2712-497E-991A-A1483E722A43}.Release|Any CPU.Build.0 = Release|Any CPU
		{FC69CC47-FBE5-9155-AC3E-E6B4650AC933}.Debug|Any CPU.ActiveCfg = Debug|Any CPU
		{FC69CC47-FBE5-9155-AC3E-E6B4650AC933}.Debug|Any CPU.Build.0 = Debug|Any CPU
		{FC69CC47-FBE5-9155-AC3E-E6B4650AC933}.Release|Any CPU.ActiveCfg = Release|Any CPU
		{FC69CC47-FBE5-9155-AC3E-E6B4650AC933}.Release|Any CPU.Build.0 = Release|Any CPU
	EndGlobalSection
	GlobalSection(SolutionProperties) = preSolution
		HideSolutionNode = FALSE
	EndGlobalSection
	GlobalSection(NestedProjects) = preSolution
		{A6A79893-5B90-4D38-BB0C-0D18C90CB07B} = {DDB4EF12-CC4E-5E88-E6FC-71A802F4DE97}
		{AC0104B0-1BA8-4695-8EB7-2B8A42CBF452} = {DDB4EF12-CC4E-5E88-E6FC-71A802F4DE97}
	EndGlobalSection
	GlobalSection(ExtensibilityGlobals) = postSolution
		SolutionGuid = {986284AE-A8D1-4045-873D-C8F77D94C936}
	EndGlobalSection
EndGlobal
